
Microsoft Visual Studio Solution File, Format Version 12.00
# Visual Studio Version 17
VisualStudioVersion = 17.5.002.0
MinimumVisualStudioVersion = 10.0.40219.1
Project("{9A19103F-16F7-4668-BE54-9A1E7A4F7556}") = "playwright-demo", "playwright-demo.csproj", "{3B4286B5-0A96-44FA-8B95-0D3FAAC930BE}"
EndProject
Global
	GlobalSection(SolutionConfigurationPlatforms) = preSolution
		Debug|Any CPU = Debug|Any CPU
		Release|Any CPU = Release|Any CPU
	EndGlobalSection
	GlobalSection(ProjectConfigurationPlatforms) = postSolution
		{3B4286B5-0A96-44FA-8B95-0D3FAAC930BE}.Debug|Any CPU.ActiveCfg = Debug|Any CPU
		{3B4286B5-0A96-44FA-8B95-0D3FAAC930BE}.Debug|Any CPU.Build.0 = Debug|Any CPU
		{3B4286B5-0A96-44FA-8B95-0D3FAAC930BE}.Release|Any CPU.ActiveCfg = Release|Any CPU
		{3B4286B5-0A96-44FA-8B95-0D3FAAC930BE}.Release|Any CPU.Build.0 = Release|Any CPU
	EndGlobalSection
	GlobalSection(SolutionProperties) = preSolution
		HideSolutionNode = FALSE
	EndGlobalSection
	GlobalSection(ExtensibilityGlobals) = postSolution
		SolutionGuid = {961584E9-F0CA-4F13-9969-E604AA0854CA}
	EndGlobalSection
EndGlobal
