
Microsoft Visual Studio Solution File, Format Version 12.00
# Visual Studio Version 17
VisualStudioVersion = 17.5.002.0
MinimumVisualStudioVersion = 10.0.40219.1
Project("{9A19103F-16F7-4668-BE54-9A1E7A4F7556}") = "ClassLibClient", "ClassLibClient.csproj", "{7CB019D9-EB7B-4868-9942-04B73BE968BF}"
EndProject
Global
	GlobalSection(SolutionConfigurationPlatforms) = preSolution
		Debug|Any CPU = Debug|Any CPU
		Release|Any CPU = Release|Any CPU
	EndGlobalSection
	GlobalSection(ProjectConfigurationPlatforms) = postSolution
		{7CB019D9-EB7B-4868-9942-04B73BE968BF}.Debug|Any CPU.ActiveCfg = Debug|Any CPU
		{7CB019D9-EB7B-4868-9942-04B73BE968BF}.Debug|Any CPU.Build.0 = Debug|Any CPU
		{7CB019D9-EB7B-4868-9942-04B73BE968BF}.Release|Any CPU.ActiveCfg = Release|Any CPU
		{7CB019D9-EB7B-4868-9942-04B73BE968BF}.Release|Any CPU.Build.0 = Release|Any CPU
	EndGlobalSection
	GlobalSection(SolutionProperties) = preSolution
		HideSolutionNode = FALSE
	EndGlobalSection
	GlobalSection(ExtensibilityGlobals) = postSolution
		SolutionGuid = {85B2E3BB-30E1-407F-8507-336EA6AD44C9}
	EndGlobalSection
EndGlobal
